// !$*UTF8*$!
{
	archiveVersion = 1;
	classes = {
	};
	objectVersion = 56;
	objects = {

/* Begin PBXBuildFile section */
		119E60C32C1F4C5A0073E80D /* Yumyum_HyojaApp.swift in Sources */ = {isa = PBXBuildFile; fileRef = 119E60C22C1F4C5A0073E80D /* Yumyum_HyojaApp.swift */; };
		119E60C52C1F4C5A0073E80D /* SplashView.swift in Sources */ = {isa = PBXBuildFile; fileRef = 119E60C42C1F4C5A0073E80D /* SplashView.swift */; };
		119E60C72C1F4C5B0073E80D /* Assets.xcassets in Resources */ = {isa = PBXBuildFile; fileRef = 119E60C62C1F4C5B0073E80D /* Assets.xcassets */; };
		119E60CB2C1F4C5B0073E80D /* Preview Assets.xcassets in Resources */ = {isa = PBXBuildFile; fileRef = 119E60CA2C1F4C5B0073E80D /* Preview Assets.xcassets */; };
		119E60D22C1F4FB50073E80D /* HongsiView.swift in Sources */ = {isa = PBXBuildFile; fileRef = 119E60D12C1F4FB50073E80D /* HongsiView.swift */; };
		119E60D42C1F4FC90073E80D /* RandomView.swift in Sources */ = {isa = PBXBuildFile; fileRef = 119E60D32C1F4FC90073E80D /* RandomView.swift */; };
		119E60D62C1F4FE00073E80D /* MapView.swift in Sources */ = {isa = PBXBuildFile; fileRef = 119E60D52C1F4FE00073E80D /* MapView.swift */; };
		119E60D82C1F4FEE0073E80D /* UghView.swift in Sources */ = {isa = PBXBuildFile; fileRef = 119E60D72C1F4FEE0073E80D /* UghView.swift */; };
		119E60DB2C1FC0750073E80D /* RandomButtonView.swift in Sources */ = {isa = PBXBuildFile; fileRef = 119E60DA2C1FC0750073E80D /* RandomButtonView.swift */; };
		119E60DD2C1FC10C0073E80D /* RandomCardView.swift in Sources */ = {isa = PBXBuildFile; fileRef = 119E60DC2C1FC10C0073E80D /* RandomCardView.swift */; };
		119E60DF2C1FC69D0073E80D /* MainView.swift in Sources */ = {isa = PBXBuildFile; fileRef = 119E60DE2C1FC69D0073E80D /* MainView.swift */; };
		119E60E22C1FCC770073E80D /* Lottie in Frameworks */ = {isa = PBXBuildFile; productRef = 119E60E12C1FCC770073E80D /* Lottie */; };
		119E60E42C1FCCB20073E80D /* LottieView.swift in Sources */ = {isa = PBXBuildFile; fileRef = 119E60E32C1FCCB20073E80D /* LottieView.swift */; };
		119E60EC2C1FE48C0073E80D /* Animation - test.json in Resources */ = {isa = PBXBuildFile; fileRef = 119E60EB2C1FE48B0073E80D /* Animation - test.json */; };
/* End PBXBuildFile section */

/* Begin PBXFileReference section */
		119E60BF2C1F4C5A0073E80D /* Yumyum_Hyoja.app */ = {isa = PBXFileReference; explicitFileType = wrapper.application; includeInIndex = 0; path = Yumyum_Hyoja.app; sourceTree = BUILT_PRODUCTS_DIR; };
		119E60C22C1F4C5A0073E80D /* Yumyum_HyojaApp.swift */ = {isa = PBXFileReference; lastKnownFileType = sourcecode.swift; path = Yumyum_HyojaApp.swift; sourceTree = "<group>"; };
		119E60C42C1F4C5A0073E80D /* SplashView.swift */ = {isa = PBXFileReference; lastKnownFileType = sourcecode.swift; path = SplashView.swift; sourceTree = "<group>"; };
		119E60C62C1F4C5B0073E80D /* Assets.xcassets */ = {isa = PBXFileReference; lastKnownFileType = folder.assetcatalog; path = Assets.xcassets; sourceTree = "<group>"; };
		119E60C82C1F4C5B0073E80D /* Yumyum_Hyoja.entitlements */ = {isa = PBXFileReference; lastKnownFileType = text.plist.entitlements; path = Yumyum_Hyoja.entitlements; sourceTree = "<group>"; };
		119E60CA2C1F4C5B0073E80D /* Preview Assets.xcassets */ = {isa = PBXFileReference; lastKnownFileType = folder.assetcatalog; path = "Preview Assets.xcassets"; sourceTree = "<group>"; };
		119E60D12C1F4FB50073E80D /* HongsiView.swift */ = {isa = PBXFileReference; lastKnownFileType = sourcecode.swift; path = HongsiView.swift; sourceTree = "<group>"; };
		119E60D32C1F4FC90073E80D /* RandomView.swift */ = {isa = PBXFileReference; lastKnownFileType = sourcecode.swift; path = RandomView.swift; sourceTree = "<group>"; };
		119E60D52C1F4FE00073E80D /* MapView.swift */ = {isa = PBXFileReference; lastKnownFileType = sourcecode.swift; path = MapView.swift; sourceTree = "<group>"; };
		119E60D72C1F4FEE0073E80D /* UghView.swift */ = {isa = PBXFileReference; lastKnownFileType = sourcecode.swift; path = UghView.swift; sourceTree = "<group>"; };
		119E60DA2C1FC0750073E80D /* RandomButtonView.swift */ = {isa = PBXFileReference; lastKnownFileType = sourcecode.swift; path = RandomButtonView.swift; sourceTree = "<group>"; };
		119E60DC2C1FC10C0073E80D /* RandomCardView.swift */ = {isa = PBXFileReference; lastKnownFileType = sourcecode.swift; path = RandomCardView.swift; sourceTree = "<group>"; };
		119E60DE2C1FC69D0073E80D /* MainView.swift */ = {isa = PBXFileReference; lastKnownFileType = sourcecode.swift; path = MainView.swift; sourceTree = "<group>"; };
		119E60E32C1FCCB20073E80D /* LottieView.swift */ = {isa = PBXFileReference; lastKnownFileType = sourcecode.swift; path = LottieView.swift; sourceTree = "<group>"; usesTabs = 0; };
		119E60EB2C1FE48B0073E80D /* Animation - test.json */ = {isa = PBXFileReference; fileEncoding = 4; lastKnownFileType = text.json; path = "Animation - test.json"; sourceTree = "<group>"; };
/* End PBXFileReference section */

/* Begin PBXFrameworksBuildPhase section */
		119E60BC2C1F4C5A0073E80D /* Frameworks */ = {
			isa = PBXFrameworksBuildPhase;
			buildActionMask = 2147483647;
			files = (
				119E60E22C1FCC770073E80D /* Lottie in Frameworks */,
			);
			runOnlyForDeploymentPostprocessing = 0;
		};
/* End PBXFrameworksBuildPhase section */

/* Begin PBXGroup section */
		119E60B62C1F4C5A0073E80D = {
			isa = PBXGroup;
			children = (
				119E60C12C1F4C5A0073E80D /* Yumyum_Hyoja */,
				119E60C02C1F4C5A0073E80D /* Products */,
			);
			sourceTree = "<group>";
		};
		119E60C02C1F4C5A0073E80D /* Products */ = {
			isa = PBXGroup;
			children = (
				119E60BF2C1F4C5A0073E80D /* Yumyum_Hyoja.app */,
			);
			name = Products;
			sourceTree = "<group>";
		};
		119E60C12C1F4C5A0073E80D /* Yumyum_Hyoja */ = {
			isa = PBXGroup;
			children = (
				119E60C22C1F4C5A0073E80D /* Yumyum_HyojaApp.swift */,
				119E60EF2C20003B0073E80D /* View */,
				119E60DE2C1FC69D0073E80D /* MainView.swift */,
				119E60C42C1F4C5A0073E80D /* SplashView.swift */,
				119E60D12C1F4FB50073E80D /* HongsiView.swift */,
				119E60E32C1FCCB20073E80D /* LottieView.swift */,
				119E60D32C1F4FC90073E80D /* RandomView.swift */,
				119E60DC2C1FC10C0073E80D /* RandomCardView.swift */,
				119E60DA2C1FC0750073E80D /* RandomButtonView.swift */,
				119E60D52C1F4FE00073E80D /* MapView.swift */,
				119E60D72C1F4FEE0073E80D /* UghView.swift */,
				119E60F02C20007A0073E80D /* Resource */,
				119E60C82C1F4C5B0073E80D /* Yumyum_Hyoja.entitlements */,
				119E60C92C1F4C5B0073E80D /* Preview Content */,
			);
			path = Yumyum_Hyoja;
			sourceTree = "<group>";
		};
		119E60C92C1F4C5B0073E80D /* Preview Content */ = {
			isa = PBXGroup;
			children = (
				119E60CA2C1F4C5B0073E80D /* Preview Assets.xcassets */,
			);
			path = "Preview Content";
			sourceTree = "<group>";
		};
		119E60EF2C20003B0073E80D /* View */ = {
			isa = PBXGroup;
			children = (
			);
			path = View;
			sourceTree = "<group>";
		};
		119E60F02C20007A0073E80D /* Resource */ = {
			isa = PBXGroup;
			children = (
				119E60EB2C1FE48B0073E80D /* Animation - test.json */,
				119E60C62C1F4C5B0073E80D /* Assets.xcassets */,
			);
			path = Resource;
			sourceTree = "<group>";
		};
/* End PBXGroup section */

/* Begin PBXNativeTarget section */
		119E60BE2C1F4C5A0073E80D /* Yumyum_Hyoja */ = {
			isa = PBXNativeTarget;
			buildConfigurationList = 119E60CE2C1F4C5B0073E80D /* Build configuration list for PBXNativeTarget "Yumyum_Hyoja" */;
			buildPhases = (
				119E60BB2C1F4C5A0073E80D /* Sources */,
				119E60BC2C1F4C5A0073E80D /* Frameworks */,
				119E60BD2C1F4C5A0073E80D /* Resources */,
			);
			buildRules = (
			);
			dependencies = (
			);
			name = Yumyum_Hyoja;
			packageProductDependencies = (
				119E60E12C1FCC770073E80D /* Lottie */,
			);
			productName = Yumyum_Hyoja;
			productReference = 119E60BF2C1F4C5A0073E80D /* Yumyum_Hyoja.app */;
			productType = "com.apple.product-type.application";
		};
/* End PBXNativeTarget section */

/* Begin PBXProject section */
		119E60B72C1F4C5A0073E80D /* Project object */ = {
			isa = PBXProject;
			attributes = {
				BuildIndependentTargetsInParallel = 1;
				LastSwiftUpdateCheck = 1540;
				LastUpgradeCheck = 1540;
				TargetAttributes = {
					119E60BE2C1F4C5A0073E80D = {
						CreatedOnToolsVersion = 15.4;
					};
				};
			};
			buildConfigurationList = 119E60BA2C1F4C5A0073E80D /* Build configuration list for PBXProject "Yumyum_Hyoja" */;
			compatibilityVersion = "Xcode 14.0";
			developmentRegion = en;
			hasScannedForEncodings = 0;
			knownRegions = (
				en,
				Base,
			);
			mainGroup = 119E60B62C1F4C5A0073E80D;
			packageReferences = (
				119E60E02C1FCC770073E80D /* XCRemoteSwiftPackageReference "lottie-ios" */,
			);
			productRefGroup = 119E60C02C1F4C5A0073E80D /* Products */;
			projectDirPath = "";
			projectRoot = "";
			targets = (
				119E60BE2C1F4C5A0073E80D /* Yumyum_Hyoja */,
			);
		};
/* End PBXProject section */

/* Begin PBXResourcesBuildPhase section */
		119E60BD2C1F4C5A0073E80D /* Resources */ = {
			isa = PBXResourcesBuildPhase;
			buildActionMask = 2147483647;
			files = (
				119E60CB2C1F4C5B0073E80D /* Preview Assets.xcassets in Resources */,
				119E60C72C1F4C5B0073E80D /* Assets.xcassets in Resources */,
				119E60EC2C1FE48C0073E80D /* Animation - test.json in Resources */,
			);
			runOnlyForDeploymentPostprocessing = 0;
		};
/* End PBXResourcesBuildPhase section */

/* Begin PBXSourcesBuildPhase section */
		119E60BB2C1F4C5A0073E80D /* Sources */ = {
			isa = PBXSourcesBuildPhase;
			buildActionMask = 2147483647;
			files = (
				119E60D22C1F4FB50073E80D /* HongsiView.swift in Sources */,
				119E60DF2C1FC69D0073E80D /* MainView.swift in Sources */,
				119E60C52C1F4C5A0073E80D /* SplashView.swift in Sources */,
				119E60DB2C1FC0750073E80D /* RandomButtonView.swift in Sources */,
				119E60D62C1F4FE00073E80D /* MapView.swift in Sources */,
				119E60C32C1F4C5A0073E80D /* Yumyum_HyojaApp.swift in Sources */,
				119E60DD2C1FC10C0073E80D /* RandomCardView.swift in Sources */,
				119E60E42C1FCCB20073E80D /* LottieView.swift in Sources */,
				119E60D42C1F4FC90073E80D /* RandomView.swift in Sources */,
				119E60D82C1F4FEE0073E80D /* UghView.swift in Sources */,
			);
			runOnlyForDeploymentPostprocessing = 0;
		};
/* End PBXSourcesBuildPhase section */

/* Begin XCBuildConfiguration section */
		119E60CC2C1F4C5B0073E80D /* Debug */ = {
			isa = XCBuildConfiguration;
			buildSettings = {
				ALWAYS_SEARCH_USER_PATHS = NO;
				ASSETCATALOG_COMPILER_GENERATE_SWIFT_ASSET_SYMBOL_EXTENSIONS = YES;
				CLANG_ANALYZER_NONNULL = YES;
				CLANG_ANALYZER_NUMBER_OBJECT_CONVERSION = YES_AGGRESSIVE;
				CLANG_CXX_LANGUAGE_STANDARD = "gnu++20";
				CLANG_ENABLE_MODULES = YES;
				CLANG_ENABLE_OBJC_ARC = YES;
				CLANG_ENABLE_OBJC_WEAK = YES;
				CLANG_WARN_BLOCK_CAPTURE_AUTORELEASING = YES;
				CLANG_WARN_BOOL_CONVERSION = YES;
				CLANG_WARN_COMMA = YES;
				CLANG_WARN_CONSTANT_CONVERSION = YES;
				CLANG_WARN_DEPRECATED_OBJC_IMPLEMENTATIONS = YES;
				CLANG_WARN_DIRECT_OBJC_ISA_USAGE = YES_ERROR;
				CLANG_WARN_DOCUMENTATION_COMMENTS = YES;
				CLANG_WARN_EMPTY_BODY = YES;
				CLANG_WARN_ENUM_CONVERSION = YES;
				CLANG_WARN_INFINITE_RECURSION = YES;
				CLANG_WARN_INT_CONVERSION = YES;
				CLANG_WARN_NON_LITERAL_NULL_CONVERSION = YES;
				CLANG_WARN_OBJC_IMPLICIT_RETAIN_SELF = YES;
				CLANG_WARN_OBJC_LITERAL_CONVERSION = YES;
				CLANG_WARN_OBJC_ROOT_CLASS = YES_ERROR;
				CLANG_WARN_QUOTED_INCLUDE_IN_FRAMEWORK_HEADER = YES;
				CLANG_WARN_RANGE_LOOP_ANALYSIS = YES;
				CLANG_WARN_STRICT_PROTOTYPES = YES;
				CLANG_WARN_SUSPICIOUS_MOVE = YES;
				CLANG_WARN_UNGUARDED_AVAILABILITY = YES_AGGRESSIVE;
				CLANG_WARN_UNREACHABLE_CODE = YES;
				CLANG_WARN__DUPLICATE_METHOD_MATCH = YES;
				COPY_PHASE_STRIP = NO;
				DEBUG_INFORMATION_FORMAT = dwarf;
				ENABLE_STRICT_OBJC_MSGSEND = YES;
				ENABLE_TESTABILITY = YES;
				ENABLE_USER_SCRIPT_SANDBOXING = YES;
				GCC_C_LANGUAGE_STANDARD = gnu17;
				GCC_DYNAMIC_NO_PIC = NO;
				GCC_NO_COMMON_BLOCKS = YES;
				GCC_OPTIMIZATION_LEVEL = 0;
				GCC_PREPROCESSOR_DEFINITIONS = (
					"DEBUG=1",
					"$(inherited)",
				);
				GCC_WARN_64_TO_32_BIT_CONVERSION = YES;
				GCC_WARN_ABOUT_RETURN_TYPE = YES_ERROR;
				GCC_WARN_UNDECLARED_SELECTOR = YES;
				GCC_WARN_UNINITIALIZED_AUTOS = YES_AGGRESSIVE;
				GCC_WARN_UNUSED_FUNCTION = YES;
				GCC_WARN_UNUSED_VARIABLE = YES;
				LOCALIZATION_PREFERS_STRING_CATALOGS = YES;
				MTL_ENABLE_DEBUG_INFO = INCLUDE_SOURCE;
				MTL_FAST_MATH = YES;
				ONLY_ACTIVE_ARCH = YES;
				SWIFT_ACTIVE_COMPILATION_CONDITIONS = "DEBUG $(inherited)";
				SWIFT_OPTIMIZATION_LEVEL = "-Onone";
			};
			name = Debug;
		};
		119E60CD2C1F4C5B0073E80D /* Release */ = {
			isa = XCBuildConfiguration;
			buildSettings = {
				ALWAYS_SEARCH_USER_PATHS = NO;
				ASSETCATALOG_COMPILER_GENERATE_SWIFT_ASSET_SYMBOL_EXTENSIONS = YES;
				CLANG_ANALYZER_NONNULL = YES;
				CLANG_ANALYZER_NUMBER_OBJECT_CONVERSION = YES_AGGRESSIVE;
				CLANG_CXX_LANGUAGE_STANDARD = "gnu++20";
				CLANG_ENABLE_MODULES = YES;
				CLANG_ENABLE_OBJC_ARC = YES;
				CLANG_ENABLE_OBJC_WEAK = YES;
				CLANG_WARN_BLOCK_CAPTURE_AUTORELEASING = YES;
				CLANG_WARN_BOOL_CONVERSION = YES;
				CLANG_WARN_COMMA = YES;
				CLANG_WARN_CONSTANT_CONVERSION = YES;
				CLANG_WARN_DEPRECATED_OBJC_IMPLEMENTATIONS = YES;
				CLANG_WARN_DIRECT_OBJC_ISA_USAGE = YES_ERROR;
				CLANG_WARN_DOCUMENTATION_COMMENTS = YES;
				CLANG_WARN_EMPTY_BODY = YES;
				CLANG_WARN_ENUM_CONVERSION = YES;
				CLANG_WARN_INFINITE_RECURSION = YES;
				CLANG_WARN_INT_CONVERSION = YES;
				CLANG_WARN_NON_LITERAL_NULL_CONVERSION = YES;
				CLANG_WARN_OBJC_IMPLICIT_RETAIN_SELF = YES;
				CLANG_WARN_OBJC_LITERAL_CONVERSION = YES;
				CLANG_WARN_OBJC_ROOT_CLASS = YES_ERROR;
				CLANG_WARN_QUOTED_INCLUDE_IN_FRAMEWORK_HEADER = YES;
				CLANG_WARN_RANGE_LOOP_ANALYSIS = YES;
				CLANG_WARN_STRICT_PROTOTYPES = YES;
				CLANG_WARN_SUSPICIOUS_MOVE = YES;
				CLANG_WARN_UNGUARDED_AVAILABILITY = YES_AGGRESSIVE;
				CLANG_WARN_UNREACHABLE_CODE = YES;
				CLANG_WARN__DUPLICATE_METHOD_MATCH = YES;
				COPY_PHASE_STRIP = NO;
				DEBUG_INFORMATION_FORMAT = "dwarf-with-dsym";
				ENABLE_NS_ASSERTIONS = NO;
				ENABLE_STRICT_OBJC_MSGSEND = YES;
				ENABLE_USER_SCRIPT_SANDBOXING = YES;
				GCC_C_LANGUAGE_STANDARD = gnu17;
				GCC_NO_COMMON_BLOCKS = YES;
				GCC_WARN_64_TO_32_BIT_CONVERSION = YES;
				GCC_WARN_ABOUT_RETURN_TYPE = YES_ERROR;
				GCC_WARN_UNDECLARED_SELECTOR = YES;
				GCC_WARN_UNINITIALIZED_AUTOS = YES_AGGRESSIVE;
				GCC_WARN_UNUSED_FUNCTION = YES;
				GCC_WARN_UNUSED_VARIABLE = YES;
				LOCALIZATION_PREFERS_STRING_CATALOGS = YES;
				MTL_ENABLE_DEBUG_INFO = NO;
				MTL_FAST_MATH = YES;
				SWIFT_COMPILATION_MODE = wholemodule;
			};
			name = Release;
		};
		119E60CF2C1F4C5B0073E80D /* Debug */ = {
			isa = XCBuildConfiguration;
			buildSettings = {
				ASSETCATALOG_COMPILER_APPICON_NAME = AppIcon;
				ASSETCATALOG_COMPILER_GLOBAL_ACCENT_COLOR_NAME = AccentColor;
				CODE_SIGN_ENTITLEMENTS = Yumyum_Hyoja/Yumyum_Hyoja.entitlements;
				CODE_SIGN_STYLE = Automatic;
				CURRENT_PROJECT_VERSION = 1;
				DEVELOPMENT_ASSET_PATHS = "\"Yumyum_Hyoja/Preview Content\"";
				DEVELOPMENT_TEAM = 3ZR9N55K6L;
				ENABLE_HARDENED_RUNTIME = YES;
				ENABLE_PREVIEWS = YES;
				GENERATE_INFOPLIST_FILE = YES;
				"INFOPLIST_KEY_UIApplicationSceneManifest_Generation[sdk=iphoneos*]" = YES;
				"INFOPLIST_KEY_UIApplicationSceneManifest_Generation[sdk=iphonesimulator*]" = YES;
				"INFOPLIST_KEY_UIApplicationSupportsIndirectInputEvents[sdk=iphoneos*]" = YES;
				"INFOPLIST_KEY_UIApplicationSupportsIndirectInputEvents[sdk=iphonesimulator*]" = YES;
				"INFOPLIST_KEY_UILaunchScreen_Generation[sdk=iphoneos*]" = YES;
				"INFOPLIST_KEY_UILaunchScreen_Generation[sdk=iphonesimulator*]" = YES;
				"INFOPLIST_KEY_UIStatusBarStyle[sdk=iphoneos*]" = UIStatusBarStyleDefault;
				"INFOPLIST_KEY_UIStatusBarStyle[sdk=iphonesimulator*]" = UIStatusBarStyleDefault;
				INFOPLIST_KEY_UISupportedInterfaceOrientations_iPad = "UIInterfaceOrientationPortrait UIInterfaceOrientationPortraitUpsideDown UIInterfaceOrientationLandscapeLeft UIInterfaceOrientationLandscapeRight";
				INFOPLIST_KEY_UISupportedInterfaceOrientations_iPhone = "UIInterfaceOrientationPortrait UIInterfaceOrientationLandscapeLeft UIInterfaceOrientationLandscapeRight";
				IPHONEOS_DEPLOYMENT_TARGET = 17.5;
				LD_RUNPATH_SEARCH_PATHS = "@executable_path/Frameworks";
				"LD_RUNPATH_SEARCH_PATHS[sdk=macosx*]" = "@executable_path/../Frameworks";
				MACOSX_DEPLOYMENT_TARGET = 14.5;
				MARKETING_VERSION = 1.0;
				PRODUCT_BUNDLE_IDENTIFIER = "com.yourcompany.Yumyum-Hyoja";
				PRODUCT_NAME = "$(TARGET_NAME)";
				SDKROOT = auto;
				SUPPORTED_PLATFORMS = "iphoneos iphonesimulator macosx";
				SWIFT_EMIT_LOC_STRINGS = YES;
				SWIFT_VERSION = 5.0;
				TARGETED_DEVICE_FAMILY = "1,2";
			};
			name = Debug;
		};
		119E60D02C1F4C5B0073E80D /* Release */ = {
			isa = XCBuildConfiguration;
			buildSettings = {
				ASSETCATALOG_COMPILER_APPICON_NAME = AppIcon;
				ASSETCATALOG_COMPILER_GLOBAL_ACCENT_COLOR_NAME = AccentColor;
				CODE_SIGN_ENTITLEMENTS = Yumyum_Hyoja/Yumyum_Hyoja.entitlements;
				CODE_SIGN_STYLE = Automatic;
				CURRENT_PROJECT_VERSION = 1;
				DEVELOPMENT_ASSET_PATHS = "\"Yumyum_Hyoja/Preview Content\"";
				DEVELOPMENT_TEAM = 3ZR9N55K6L;
				ENABLE_HARDENED_RUNTIME = YES;
				ENABLE_PREVIEWS = YES;
				GENERATE_INFOPLIST_FILE = YES;
				"INFOPLIST_KEY_UIApplicationSceneManifest_Generation[sdk=iphoneos*]" = YES;
				"INFOPLIST_KEY_UIApplicationSceneManifest_Generation[sdk=iphonesimulator*]" = YES;
				"INFOPLIST_KEY_UIApplicationSupportsIndirectInputEvents[sdk=iphoneos*]" = YES;
				"INFOPLIST_KEY_UIApplicationSupportsIndirectInputEvents[sdk=iphonesimulator*]" = YES;
				"INFOPLIST_KEY_UILaunchScreen_Generation[sdk=iphoneos*]" = YES;
				"INFOPLIST_KEY_UILaunchScreen_Generation[sdk=iphonesimulator*]" = YES;
				"INFOPLIST_KEY_UIStatusBarStyle[sdk=iphoneos*]" = UIStatusBarStyleDefault;
				"INFOPLIST_KEY_UIStatusBarStyle[sdk=iphonesimulator*]" = UIStatusBarStyleDefault;
				INFOPLIST_KEY_UISupportedInterfaceOrientations_iPad = "UIInterfaceOrientationPortrait UIInterfaceOrientationPortraitUpsideDown UIInterfaceOrientationLandscapeLeft UIInterfaceOrientationLandscapeRight";
				INFOPLIST_KEY_UISupportedInterfaceOrientations_iPhone = "UIInterfaceOrientationPortrait UIInterfaceOrientationLandscapeLeft UIInterfaceOrientationLandscapeRight";
				IPHONEOS_DEPLOYMENT_TARGET = 17.5;
				LD_RUNPATH_SEARCH_PATHS = "@executable_path/Frameworks";
				"LD_RUNPATH_SEARCH_PATHS[sdk=macosx*]" = "@executable_path/../Frameworks";
				MACOSX_DEPLOYMENT_TARGET = 14.5;
				MARKETING_VERSION = 1.0;
				PRODUCT_BUNDLE_IDENTIFIER = "com.yourcompany.Yumyum-Hyoja";
				PRODUCT_NAME = "$(TARGET_NAME)";
				SDKROOT = auto;
				SUPPORTED_PLATFORMS = "iphoneos iphonesimulator macosx";
				SWIFT_EMIT_LOC_STRINGS = YES;
				SWIFT_VERSION = 5.0;
				TARGETED_DEVICE_FAMILY = "1,2";
			};
			name = Release;
		};
/* End XCBuildConfiguration section */

/* Begin XCConfigurationList section */
		119E60BA2C1F4C5A0073E80D /* Build configuration list for PBXProject "Yumyum_Hyoja" */ = {
			isa = XCConfigurationList;
			buildConfigurations = (
				119E60CC2C1F4C5B0073E80D /* Debug */,
				119E60CD2C1F4C5B0073E80D /* Release */,
			);
			defaultConfigurationIsVisible = 0;
			defaultConfigurationName = Release;
		};
		119E60CE2C1F4C5B0073E80D /* Build configuration list for PBXNativeTarget "Yumyum_Hyoja" */ = {
			isa = XCConfigurationList;
			buildConfigurations = (
				119E60CF2C1F4C5B0073E80D /* Debug */,
				119E60D02C1F4C5B0073E80D /* Release */,
			);
			defaultConfigurationIsVisible = 0;
			defaultConfigurationName = Release;
		};
/* End XCConfigurationList section */

/* Begin XCRemoteSwiftPackageReference section */
		119E60E02C1FCC770073E80D /* XCRemoteSwiftPackageReference "lottie-ios" */ = {
			isa = XCRemoteSwiftPackageReference;
			repositoryURL = "https://github.com/airbnb/lottie-ios.git";
			requirement = {
				kind = upToNextMajorVersion;
				minimumVersion = 4.4.3;
			};
		};
/* End XCRemoteSwiftPackageReference section */

/* Begin XCSwiftPackageProductDependency section */
		119E60E12C1FCC770073E80D /* Lottie */ = {
			isa = XCSwiftPackageProductDependency;
			package = 119E60E02C1FCC770073E80D /* XCRemoteSwiftPackageReference "lottie-ios" */;
			productName = Lottie;
		};
/* End XCSwiftPackageProductDependency section */
	};
	rootObject = 119E60B72C1F4C5A0073E80D /* Project object */;
}
